
Microsoft Visual Studio Solution File, Format Version 12.00
# Visual Studio Version 17
VisualStudioVersion = 17.14.36301.6
MinimumVisualStudioVersion = 10.0.40219.1
Project("{FAE04EC0-301F-11D3-BF4B-00C04F79EFBC}") = "MVC_Routing", "MVC_Routing\MVC_Routing.csproj", "{523B352E-D095-4544-916A-FC1BAAF4F39B}"
EndProject
Project("{FAE04EC0-301F-11D3-BF4B-00C04F79EFBC}") = "IdentityApplication", "IdentityApplication\IdentityApplication.csproj", "{6AC7E37B-6AEA-431D-8244-FBECEB49CF30}"
EndProject
Global
	GlobalSection(SolutionConfigurationPlatforms) = preSolution
		Debug|Any CPU = Debug|Any CPU
		Release|Any CPU = Release|Any CPU
	EndGlobalSection
	GlobalSection(ProjectConfigurationPlatforms) = postSolution
		{523B352E-D095-4544-916A-FC1BAAF4F39B}.Debug|Any CPU.ActiveCfg = Debug|Any CPU
		{523B352E-D095-4544-916A-FC1BAAF4F39B}.Debug|Any CPU.Build.0 = Debug|Any CPU
		{523B352E-D095-4544-916A-FC1BAAF4F39B}.Release|Any CPU.ActiveCfg = Release|Any CPU
		{523B352E-D095-4544-916A-FC1BAAF4F39B}.Release|Any CPU.Build.0 = Release|Any CPU
		{6AC7E37B-6AEA-431D-8244-FBECEB49CF30}.Debug|Any CPU.ActiveCfg = Debug|Any CPU
		{6AC7E37B-6AEA-431D-8244-FBECEB49CF30}.Debug|Any CPU.Build.0 = Debug|Any CPU
		{6AC7E37B-6AEA-431D-8244-FBECEB49CF30}.Release|Any CPU.ActiveCfg = Release|Any CPU
		{6AC7E37B-6AEA-431D-8244-FBECEB49CF30}.Release|Any CPU.Build.0 = Release|Any CPU
	EndGlobalSection
	GlobalSection(SolutionProperties) = preSolution
		HideSolutionNode = FALSE
	EndGlobalSection
	GlobalSection(ExtensibilityGlobals) = postSolution
		SolutionGuid = {95FCD24A-33F1-42CA-B353-D8B71B22047F}
	EndGlobalSection
EndGlobal
